
Microsoft Visual Studio Solution File, Format Version 12.00
# Visual Studio Express 2013 for Windows Desktop
VisualStudioVersion = 12.0.30110.0
MinimumVisualStudioVersion = 10.0.40219.1
Project("{FAE04EC0-301F-11D3-BF4B-00C04F79EFBC}") = "JiraTogglSync.CommandLine", "JiraTogglSync.CommandLine\JiraTogglSync.CommandLine.csproj", "{DCF69B82-A833-4501-8F81-0BD0AB84652B}"
EndProject
Project("{FAE04EC0-301F-11D3-BF4B-00C04F79EFBC}") = "JiraTogglSync.Services", "JiraTogglSync.Services\JiraTogglSync.Services.csproj", "{331AC73B-91AE-4E76-ACC1-3923D0479188}"
EndProject
Project("{FAE04EC0-301F-11D3-BF4B-00C04F79EFBC}") = "JiraTogglSync.Tests", "JiraTogglSync.Tests\JiraTogglSync.Tests.csproj", "{CB8EC80D-7194-41E6-B188-18BAA0974631}"
EndProject
Project("{FAE04EC0-301F-11D3-BF4B-00C04F79EFBC}") = "Toggl", "Modules\C--Toggl-Api-Client\Toggl\Toggl.csproj", "{AE43A30C-8515-41F2-A018-AA9AE9B80C27}"
EndProject
Project("{2150E333-8FDC-42A3-9474-1A3956D46DE8}") = ".nuget", ".nuget", "{854B975B-574A-497F-A0B9-8E08E52D870D}"
	ProjectSection(SolutionItems) = preProject
		.nuget\NuGet.Config = .nuget\NuGet.Config
		.nuget\NuGet.exe = .nuget\NuGet.exe
		.nuget\NuGet.targets = .nuget\NuGet.targets
	EndProjectSection
EndProject
Global
	GlobalSection(SolutionConfigurationPlatforms) = preSolution
		Debug|Any CPU = Debug|Any CPU
		Debug|Mixed Platforms = Debug|Mixed Platforms
		Debug|x86 = Debug|x86
		Release|Any CPU = Release|Any CPU
		Release|Mixed Platforms = Release|Mixed Platforms
		Release|x86 = Release|x86
	EndGlobalSection
	GlobalSection(ProjectConfigurationPlatforms) = postSolution
		{DCF69B82-A833-4501-8F81-0BD0AB84652B}.Debug|Any CPU.ActiveCfg = Debug|Any CPU
		{DCF69B82-A833-4501-8F81-0BD0AB84652B}.Debug|Any CPU.Build.0 = Debug|Any CPU
		{DCF69B82-A833-4501-8F81-0BD0AB84652B}.Debug|Mixed Platforms.ActiveCfg = Debug|Any CPU
		{DCF69B82-A833-4501-8F81-0BD0AB84652B}.Debug|Mixed Platforms.Build.0 = Debug|Any CPU
		{DCF69B82-A833-4501-8F81-0BD0AB84652B}.Debug|x86.ActiveCfg = Debug|Any CPU
		{DCF69B82-A833-4501-8F81-0BD0AB84652B}.Release|Any CPU.ActiveCfg = Release|Any CPU
		{DCF69B82-A833-4501-8F81-0BD0AB84652B}.Release|Any CPU.Build.0 = Release|Any CPU
		{DCF69B82-A833-4501-8F81-0BD0AB84652B}.Release|Mixed Platforms.ActiveCfg = Release|Any CPU
		{DCF69B82-A833-4501-8F81-0BD0AB84652B}.Release|Mixed Platforms.Build.0 = Release|Any CPU
		{DCF69B82-A833-4501-8F81-0BD0AB84652B}.Release|x86.ActiveCfg = Release|Any CPU
		{331AC73B-91AE-4E76-ACC1-3923D0479188}.Debug|Any CPU.ActiveCfg = Debug|Any CPU
		{331AC73B-91AE-4E76-ACC1-3923D0479188}.Debug|Any CPU.Build.0 = Debug|Any CPU
		{331AC73B-91AE-4E76-ACC1-3923D0479188}.Debug|Mixed Platforms.ActiveCfg = Debug|Any CPU
		{331AC73B-91AE-4E76-ACC1-3923D0479188}.Debug|Mixed Platforms.Build.0 = Debug|Any CPU
		{331AC73B-91AE-4E76-ACC1-3923D0479188}.Debug|x86.ActiveCfg = Debug|Any CPU
		{331AC73B-91AE-4E76-ACC1-3923D0479188}.Release|Any CPU.ActiveCfg = Release|Any CPU
		{331AC73B-91AE-4E76-ACC1-3923D0479188}.Release|Any CPU.Build.0 = Release|Any CPU
		{331AC73B-91AE-4E76-ACC1-3923D0479188}.Release|Mixed Platforms.ActiveCfg = Release|Any CPU
		{331AC73B-91AE-4E76-ACC1-3923D0479188}.Release|Mixed Platforms.Build.0 = Release|Any CPU
		{331AC73B-91AE-4E76-ACC1-3923D0479188}.Release|x86.ActiveCfg = Release|Any CPU
		{CB8EC80D-7194-41E6-B188-18BAA0974631}.Debug|Any CPU.ActiveCfg = Debug|Any CPU
		{CB8EC80D-7194-41E6-B188-18BAA0974631}.Debug|Any CPU.Build.0 = Debug|Any CPU
		{CB8EC80D-7194-41E6-B188-18BAA0974631}.Debug|Mixed Platforms.ActiveCfg = Debug|Any CPU
		{CB8EC80D-7194-41E6-B188-18BAA0974631}.Debug|Mixed Platforms.Build.0 = Debug|Any CPU
		{CB8EC80D-7194-41E6-B188-18BAA0974631}.Debug|x86.ActiveCfg = Debug|Any CPU
		{CB8EC80D-7194-41E6-B188-18BAA0974631}.Release|Any CPU.ActiveCfg = Release|Any CPU
		{CB8EC80D-7194-41E6-B188-18BAA0974631}.Release|Any CPU.Build.0 = Release|Any CPU
		{CB8EC80D-7194-41E6-B188-18BAA0974631}.Release|Mixed Platforms.ActiveCfg = Release|Any CPU
		{CB8EC80D-7194-41E6-B188-18BAA0974631}.Release|Mixed Platforms.Build.0 = Release|Any CPU
		{CB8EC80D-7194-41E6-B188-18BAA0974631}.Release|x86.ActiveCfg = Release|Any CPU
		{AE43A30C-8515-41F2-A018-AA9AE9B80C27}.Debug|Any CPU.ActiveCfg = Debug|x86
		{AE43A30C-8515-41F2-A018-AA9AE9B80C27}.Debug|Mixed Platforms.ActiveCfg = Debug|x86
		{AE43A30C-8515-41F2-A018-AA9AE9B80C27}.Debug|Mixed Platforms.Build.0 = Debug|x86
		{AE43A30C-8515-41F2-A018-AA9AE9B80C27}.Debug|x86.ActiveCfg = Debug|x86
		{AE43A30C-8515-41F2-A018-AA9AE9B80C27}.Debug|x86.Build.0 = Debug|x86
		{AE43A30C-8515-41F2-A018-AA9AE9B80C27}.Release|Any CPU.ActiveCfg = Release|x86
		{AE43A30C-8515-41F2-A018-AA9AE9B80C27}.Release|Mixed Platforms.ActiveCfg = Release|x86
		{AE43A30C-8515-41F2-A018-AA9AE9B80C27}.Release|Mixed Platforms.Build.0 = Release|x86
		{AE43A30C-8515-41F2-A018-AA9AE9B80C27}.Release|x86.ActiveCfg = Release|x86
		{AE43A30C-8515-41F2-A018-AA9AE9B80C27}.Release|x86.Build.0 = Release|x86
	EndGlobalSection
	GlobalSection(SolutionProperties) = preSolution
		HideSolutionNode = FALSE
	EndGlobalSection
EndGlobal
